
Microsoft Visual Studio Solution File, Format Version 12.00
# Visual Studio Version 17
VisualStudioVersion = 17.8.34330.188
MinimumVisualStudioVersion = 10.0.40219.1
Project("{FAE04EC0-301F-11D3-BF4B-00C04F79EFBC}") = "AsmInsertion", "AsmInsertion\AsmInsertion.csproj", "{9A8F4CBD-AF36-4D83-84DE-0AC71D1D44DA}"
EndProject
Global
	GlobalSection(SolutionConfigurationPlatforms) = preSolution
		Debug|Any CPU = Debug|Any CPU
		Debug|ARM32 = Debug|ARM32
		Debug|ARM64 = Debug|ARM64
		Debug|x64 = Debug|x64
		Debug|x86 = Debug|x86
		Release|Any CPU = Release|Any CPU
		Release|ARM32 = Release|ARM32
		Release|ARM64 = Release|ARM64
		Release|x64 = Release|x64
		Release|x86 = Release|x86
	EndGlobalSection
	GlobalSection(ProjectConfigurationPlatforms) = postSolution
		{9A8F4CBD-AF36-4D83-84DE-0AC71D1D44DA}.Debug|Any CPU.ActiveCfg = Debug|Any CPU
		{9A8F4CBD-AF36-4D83-84DE-0AC71D1D44DA}.Debug|Any CPU.Build.0 = Debug|Any CPU
		{9A8F4CBD-AF36-4D83-84DE-0AC71D1D44DA}.Debug|ARM32.ActiveCfg = Debug|ARM32
		{9A8F4CBD-AF36-4D83-84DE-0AC71D1D44DA}.Debug|ARM32.Build.0 = Debug|ARM32
		{9A8F4CBD-AF36-4D83-84DE-0AC71D1D44DA}.Debug|ARM64.ActiveCfg = Debug|ARM64
		{9A8F4CBD-AF36-4D83-84DE-0AC71D1D44DA}.Debug|ARM64.Build.0 = Debug|ARM64
		{9A8F4CBD-AF36-4D83-84DE-0AC71D1D44DA}.Debug|x64.ActiveCfg = Debug|x64
		{9A8F4CBD-AF36-4D83-84DE-0AC71D1D44DA}.Debug|x64.Build.0 = Debug|x64
		{9A8F4CBD-AF36-4D83-84DE-0AC71D1D44DA}.Debug|x86.ActiveCfg = Debug|x86
		{9A8F4CBD-AF36-4D83-84DE-0AC71D1D44DA}.Debug|x86.Build.0 = Debug|x86
		{9A8F4CBD-AF36-4D83-84DE-0AC71D1D44DA}.Release|Any CPU.ActiveCfg = Release|Any CPU
		{9A8F4CBD-AF36-4D83-84DE-0AC71D1D44DA}.Release|Any CPU.Build.0 = Release|Any CPU
		{9A8F4CBD-AF36-4D83-84DE-0AC71D1D44DA}.Release|ARM32.ActiveCfg = Release|ARM32
		{9A8F4CBD-AF36-4D83-84DE-0AC71D1D44DA}.Release|ARM32.Build.0 = Release|ARM32
		{9A8F4CBD-AF36-4D83-84DE-0AC71D1D44DA}.Release|ARM64.ActiveCfg = Release|ARM64
		{9A8F4CBD-AF36-4D83-84DE-0AC71D1D44DA}.Release|ARM64.Build.0 = Release|ARM64
		{9A8F4CBD-AF36-4D83-84DE-0AC71D1D44DA}.Release|x64.ActiveCfg = Release|x64
		{9A8F4CBD-AF36-4D83-84DE-0AC71D1D44DA}.Release|x64.Build.0 = Release|x64
		{9A8F4CBD-AF36-4D83-84DE-0AC71D1D44DA}.Release|x86.ActiveCfg = Release|x86
		{9A8F4CBD-AF36-4D83-84DE-0AC71D1D44DA}.Release|x86.Build.0 = Release|x86
	EndGlobalSection
	GlobalSection(SolutionProperties) = preSolution
		HideSolutionNode = FALSE
	EndGlobalSection
	GlobalSection(ExtensibilityGlobals) = postSolution
		SolutionGuid = {1BC5935C-A3CB-4E2F-A13C-9BFE70FADC03}
	EndGlobalSection
EndGlobal
